
Microsoft Visual Studio Solution File, Format Version 12.00
# Visual Studio Version 17
VisualStudioVersion = 17.0.31612.314
MinimumVisualStudioVersion = 15.0.26124.0
Project("{2150E333-8FDC-42A3-9474-1A3956D46DE8}") = "Adapters", "Adapters", "{15D21EF2-3786-458F-A90B-7DD72694929B}"
EndProject
Project("{9A19103F-16F7-4668-BE54-9A1E7A4F7556}") = "DevPrime.Stream", "src\Adapters\Stream\DevPrime.Stream.csproj", "{4B4BC9BE-E61E-49B6-A04A-B6AE5791279C}"
EndProject
Project("{9A19103F-16F7-4668-BE54-9A1E7A4F7556}") = "DevPrime.State", "src\Adapters\State\DevPrime.State.csproj", "{89938C7C-0662-45EF-B821-85B3E546A372}"
EndProject
Project("{9A19103F-16F7-4668-BE54-9A1E7A4F7556}") = "DevPrime.Web", "src\Adapters\Web\DevPrime.Web.csproj", "{3B63CA41-C646-4339-9C8D-75811099809B}"
EndProject
Project("{2150E333-8FDC-42A3-9474-1A3956D46DE8}") = "Core", "Core", "{3521689D-2659-41A8-8A13-25658DFCEA48}"
EndProject
Project("{9A19103F-16F7-4668-BE54-9A1E7A4F7556}") = "Domain", "src\Core\Domain\Domain.csproj", "{F34DC5BC-3A2A-43C4-94F9-2C506BD60972}"
EndProject
Project("{9A19103F-16F7-4668-BE54-9A1E7A4F7556}") = "Application", "src\Core\Application\Application.csproj", "{FF7227B4-9D52-4921-8CC0-90E011C657C8}"
EndProject
Project("{9A19103F-16F7-4668-BE54-9A1E7A4F7556}") = "DevPrime.Services", "src\Adapters\Services\DevPrime.Services.csproj", "{4D919D7E-C048-40F2-AC5D-48CAED44EE11}"
EndProject
Project("{9A19103F-16F7-4668-BE54-9A1E7A4F7556}") = "App", "src\App\App.csproj", "{AE79FA39-B17C-46FD-AB72-73876E3F6786}"
EndProject
Project("{9A19103F-16F7-4668-BE54-9A1E7A4F7556}") = "DevPrime.HealthCheck", "src\Adapters\HealthCheck\DevPrime.HealthCheck.csproj", "{20247FDA-B3C9-4BB3-B084-1A40D9C4DB59}"
EndProject
Project("{9A19103F-16F7-4668-BE54-9A1E7A4F7556}") = "DevPrime.Observability", "src\Adapters\Observability\DevPrime.Observability.csproj", "{FC972A14-3544-42E9-AA84-F035FDE6D5CB}"
EndProject
Project("{9A19103F-16F7-4668-BE54-9A1E7A4F7556}") = "DevPrime.Security", "src\Adapters\Security\DevPrime.Security.csproj", "{B356AEC2-14BD-487B-986E-976C850A91CC}"
EndProject
Project("{9A19103F-16F7-4668-BE54-9A1E7A4F7556}") = "DevPrime.AppCenter", "src\Adapters\AppCenter\DevPrime.AppCenter.csproj", "{B298789B-2BAA-47B8-B4E3-DCC8F251D2E3}"
EndProject
Project("{9A19103F-16F7-4668-BE54-9A1E7A4F7556}") = "DevPrime.Extensions", "src\Adapters\Extensions\DevPrime.Extensions.csproj", "{75676F36-B6A0-41B2-8906-4F3E91912E2A}"
EndProject
Project("{2150E333-8FDC-42A3-9474-1A3956D46DE8}") = "Tests", "Tests", "{9B97AC00-45CA-4924-AC25-4C607190178C}"
EndProject
Project("{9A19103F-16F7-4668-BE54-9A1E7A4F7556}") = "Core.Tests", "src\Tests\Core\Core.Tests.csproj", "{6AF095CF-9954-4D4F-AA41-DA48532715F5}"
EndProject
Global
	GlobalSection(SolutionConfigurationPlatforms) = preSolution
		Debug|Any CPU = Debug|Any CPU
		Debug|x64 = Debug|x64
		Debug|x86 = Debug|x86
		Release|Any CPU = Release|Any CPU
		Release|x64 = Release|x64
		Release|x86 = Release|x86
	EndGlobalSection
	GlobalSection(ProjectConfigurationPlatforms) = postSolution
		{4B4BC9BE-E61E-49B6-A04A-B6AE5791279C}.Debug|Any CPU.ActiveCfg = Debug|Any CPU
		{4B4BC9BE-E61E-49B6-A04A-B6AE5791279C}.Debug|Any CPU.Build.0 = Debug|Any CPU
		{4B4BC9BE-E61E-49B6-A04A-B6AE5791279C}.Debug|x64.ActiveCfg = Debug|Any CPU
		{4B4BC9BE-E61E-49B6-A04A-B6AE5791279C}.Debug|x64.Build.0 = Debug|Any CPU
		{4B4BC9BE-E61E-49B6-A04A-B6AE5791279C}.Debug|x86.ActiveCfg = Debug|Any CPU
		{4B4BC9BE-E61E-49B6-A04A-B6AE5791279C}.Debug|x86.Build.0 = Debug|Any CPU
		{4B4BC9BE-E61E-49B6-A04A-B6AE5791279C}.Release|Any CPU.ActiveCfg = Release|Any CPU
		{4B4BC9BE-E61E-49B6-A04A-B6AE5791279C}.Release|Any CPU.Build.0 = Release|Any CPU
		{4B4BC9BE-E61E-49B6-A04A-B6AE5791279C}.Release|x64.ActiveCfg = Release|Any CPU
		{4B4BC9BE-E61E-49B6-A04A-B6AE5791279C}.Release|x64.Build.0 = Release|Any CPU
		{4B4BC9BE-E61E-49B6-A04A-B6AE5791279C}.Release|x86.ActiveCfg = Release|Any CPU
		{4B4BC9BE-E61E-49B6-A04A-B6AE5791279C}.Release|x86.Build.0 = Release|Any CPU
		{89938C7C-0662-45EF-B821-85B3E546A372}.Debug|Any CPU.ActiveCfg = Debug|Any CPU
		{89938C7C-0662-45EF-B821-85B3E546A372}.Debug|Any CPU.Build.0 = Debug|Any CPU
		{89938C7C-0662-45EF-B821-85B3E546A372}.Debug|x64.ActiveCfg = Debug|Any CPU
		{89938C7C-0662-45EF-B821-85B3E546A372}.Debug|x64.Build.0 = Debug|Any CPU
		{89938C7C-0662-45EF-B821-85B3E546A372}.Debug|x86.ActiveCfg = Debug|Any CPU
		{89938C7C-0662-45EF-B821-85B3E546A372}.Debug|x86.Build.0 = Debug|Any CPU
		{89938C7C-0662-45EF-B821-85B3E546A372}.Release|Any CPU.ActiveCfg = Release|Any CPU
		{89938C7C-0662-45EF-B821-85B3E546A372}.Release|Any CPU.Build.0 = Release|Any CPU
		{89938C7C-0662-45EF-B821-85B3E546A372}.Release|x64.ActiveCfg = Release|Any CPU
		{89938C7C-0662-45EF-B821-85B3E546A372}.Release|x64.Build.0 = Release|Any CPU
		{89938C7C-0662-45EF-B821-85B3E546A372}.Release|x86.ActiveCfg = Release|Any CPU
		{89938C7C-0662-45EF-B821-85B3E546A372}.Release|x86.Build.0 = Release|Any CPU
		{3B63CA41-C646-4339-9C8D-75811099809B}.Debug|Any CPU.ActiveCfg = Debug|Any CPU
		{3B63CA41-C646-4339-9C8D-75811099809B}.Debug|Any CPU.Build.0 = Debug|Any CPU
		{3B63CA41-C646-4339-9C8D-75811099809B}.Debug|x64.ActiveCfg = Debug|Any CPU
		{3B63CA41-C646-4339-9C8D-75811099809B}.Debug|x64.Build.0 = Debug|Any CPU
		{3B63CA41-C646-4339-9C8D-75811099809B}.Debug|x86.ActiveCfg = Debug|Any CPU
		{3B63CA41-C646-4339-9C8D-75811099809B}.Debug|x86.Build.0 = Debug|Any CPU
		{3B63CA41-C646-4339-9C8D-75811099809B}.Release|Any CPU.ActiveCfg = Release|Any CPU
		{3B63CA41-C646-4339-9C8D-75811099809B}.Release|Any CPU.Build.0 = Release|Any CPU
		{3B63CA41-C646-4339-9C8D-75811099809B}.Release|x64.ActiveCfg = Release|Any CPU
		{3B63CA41-C646-4339-9C8D-75811099809B}.Release|x64.Build.0 = Release|Any CPU
		{3B63CA41-C646-4339-9C8D-75811099809B}.Release|x86.ActiveCfg = Release|Any CPU
		{3B63CA41-C646-4339-9C8D-75811099809B}.Release|x86.Build.0 = Release|Any CPU
		{F34DC5BC-3A2A-43C4-94F9-2C506BD60972}.Debug|Any CPU.ActiveCfg = Debug|Any CPU
		{F34DC5BC-3A2A-43C4-94F9-2C506BD60972}.Debug|Any CPU.Build.0 = Debug|Any CPU
		{F34DC5BC-3A2A-43C4-94F9-2C506BD60972}.Debug|x64.ActiveCfg = Debug|Any CPU
		{F34DC5BC-3A2A-43C4-94F9-2C506BD60972}.Debug|x64.Build.0 = Debug|Any CPU
		{F34DC5BC-3A2A-43C4-94F9-2C506BD60972}.Debug|x86.ActiveCfg = Debug|Any CPU
		{F34DC5BC-3A2A-43C4-94F9-2C506BD60972}.Debug|x86.Build.0 = Debug|Any CPU
		{F34DC5BC-3A2A-43C4-94F9-2C506BD60972}.Release|Any CPU.ActiveCfg = Release|Any CPU
		{F34DC5BC-3A2A-43C4-94F9-2C506BD60972}.Release|Any CPU.Build.0 = Release|Any CPU
		{F34DC5BC-3A2A-43C4-94F9-2C506BD60972}.Release|x64.ActiveCfg = Release|Any CPU
		{F34DC5BC-3A2A-43C4-94F9-2C506BD60972}.Release|x64.Build.0 = Release|Any CPU
		{F34DC5BC-3A2A-43C4-94F9-2C506BD60972}.Release|x86.ActiveCfg = Release|Any CPU
		{F34DC5BC-3A2A-43C4-94F9-2C506BD60972}.Release|x86.Build.0 = Release|Any CPU
		{FF7227B4-9D52-4921-8CC0-90E011C657C8}.Debug|Any CPU.ActiveCfg = Debug|Any CPU
		{FF7227B4-9D52-4921-8CC0-90E011C657C8}.Debug|Any CPU.Build.0 = Debug|Any CPU
		{FF7227B4-9D52-4921-8CC0-90E011C657C8}.Debug|x64.ActiveCfg = Debug|Any CPU
		{FF7227B4-9D52-4921-8CC0-90E011C657C8}.Debug|x64.Build.0 = Debug|Any CPU
		{FF7227B4-9D52-4921-8CC0-90E011C657C8}.Debug|x86.ActiveCfg = Debug|Any CPU
		{FF7227B4-9D52-4921-8CC0-90E011C657C8}.Debug|x86.Build.0 = Debug|Any CPU
		{FF7227B4-9D52-4921-8CC0-90E011C657C8}.Release|Any CPU.ActiveCfg = Release|Any CPU
		{FF7227B4-9D52-4921-8CC0-90E011C657C8}.Release|Any CPU.Build.0 = Release|Any CPU
		{FF7227B4-9D52-4921-8CC0-90E011C657C8}.Release|x64.ActiveCfg = Release|Any CPU
		{FF7227B4-9D52-4921-8CC0-90E011C657C8}.Release|x64.Build.0 = Release|Any CPU
		{FF7227B4-9D52-4921-8CC0-90E011C657C8}.Release|x86.ActiveCfg = Release|Any CPU
		{FF7227B4-9D52-4921-8CC0-90E011C657C8}.Release|x86.Build.0 = Release|Any CPU
		{4D919D7E-C048-40F2-AC5D-48CAED44EE11}.Debug|Any CPU.ActiveCfg = Debug|Any CPU
		{4D919D7E-C048-40F2-AC5D-48CAED44EE11}.Debug|Any CPU.Build.0 = Debug|Any CPU
		{4D919D7E-C048-40F2-AC5D-48CAED44EE11}.Debug|x64.ActiveCfg = Debug|Any CPU
		{4D919D7E-C048-40F2-AC5D-48CAED44EE11}.Debug|x64.Build.0 = Debug|Any CPU
		{4D919D7E-C048-40F2-AC5D-48CAED44EE11}.Debug|x86.ActiveCfg = Debug|Any CPU
		{4D919D7E-C048-40F2-AC5D-48CAED44EE11}.Debug|x86.Build.0 = Debug|Any CPU
		{4D919D7E-C048-40F2-AC5D-48CAED44EE11}.Release|Any CPU.ActiveCfg = Release|Any CPU
		{4D919D7E-C048-40F2-AC5D-48CAED44EE11}.Release|Any CPU.Build.0 = Release|Any CPU
		{4D919D7E-C048-40F2-AC5D-48CAED44EE11}.Release|x64.ActiveCfg = Release|Any CPU
		{4D919D7E-C048-40F2-AC5D-48CAED44EE11}.Release|x64.Build.0 = Release|Any CPU
		{4D919D7E-C048-40F2-AC5D-48CAED44EE11}.Release|x86.ActiveCfg = Release|Any CPU
		{4D919D7E-C048-40F2-AC5D-48CAED44EE11}.Release|x86.Build.0 = Release|Any CPU
		{AE79FA39-B17C-46FD-AB72-73876E3F6786}.Debug|Any CPU.ActiveCfg = Debug|Any CPU
		{AE79FA39-B17C-46FD-AB72-73876E3F6786}.Debug|Any CPU.Build.0 = Debug|Any CPU
		{AE79FA39-B17C-46FD-AB72-73876E3F6786}.Debug|x64.ActiveCfg = Debug|Any CPU
		{AE79FA39-B17C-46FD-AB72-73876E3F6786}.Debug|x64.Build.0 = Debug|Any CPU
		{AE79FA39-B17C-46FD-AB72-73876E3F6786}.Debug|x86.ActiveCfg = Debug|Any CPU
		{AE79FA39-B17C-46FD-AB72-73876E3F6786}.Debug|x86.Build.0 = Debug|Any CPU
		{AE79FA39-B17C-46FD-AB72-73876E3F6786}.Release|Any CPU.ActiveCfg = Release|Any CPU
		{AE79FA39-B17C-46FD-AB72-73876E3F6786}.Release|Any CPU.Build.0 = Release|Any CPU
		{AE79FA39-B17C-46FD-AB72-73876E3F6786}.Release|x64.ActiveCfg = Release|Any CPU
		{AE79FA39-B17C-46FD-AB72-73876E3F6786}.Release|x64.Build.0 = Release|Any CPU
		{AE79FA39-B17C-46FD-AB72-73876E3F6786}.Release|x86.ActiveCfg = Release|Any CPU
		{AE79FA39-B17C-46FD-AB72-73876E3F6786}.Release|x86.Build.0 = Release|Any CPU
		{20247FDA-B3C9-4BB3-B084-1A40D9C4DB59}.Debug|Any CPU.ActiveCfg = Debug|Any CPU
		{20247FDA-B3C9-4BB3-B084-1A40D9C4DB59}.Debug|Any CPU.Build.0 = Debug|Any CPU
		{20247FDA-B3C9-4BB3-B084-1A40D9C4DB59}.Debug|x64.ActiveCfg = Debug|Any CPU
		{20247FDA-B3C9-4BB3-B084-1A40D9C4DB59}.Debug|x64.Build.0 = Debug|Any CPU
		{20247FDA-B3C9-4BB3-B084-1A40D9C4DB59}.Debug|x86.ActiveCfg = Debug|Any CPU
		{20247FDA-B3C9-4BB3-B084-1A40D9C4DB59}.Debug|x86.Build.0 = Debug|Any CPU
		{20247FDA-B3C9-4BB3-B084-1A40D9C4DB59}.Release|Any CPU.ActiveCfg = Release|Any CPU
		{20247FDA-B3C9-4BB3-B084-1A40D9C4DB59}.Release|Any CPU.Build.0 = Release|Any CPU
		{20247FDA-B3C9-4BB3-B084-1A40D9C4DB59}.Release|x64.ActiveCfg = Release|Any CPU
		{20247FDA-B3C9-4BB3-B084-1A40D9C4DB59}.Release|x64.Build.0 = Release|Any CPU
		{20247FDA-B3C9-4BB3-B084-1A40D9C4DB59}.Release|x86.ActiveCfg = Release|Any CPU
		{20247FDA-B3C9-4BB3-B084-1A40D9C4DB59}.Release|x86.Build.0 = Release|Any CPU
		{FC972A14-3544-42E9-AA84-F035FDE6D5CB}.Debug|Any CPU.ActiveCfg = Debug|Any CPU
		{FC972A14-3544-42E9-AA84-F035FDE6D5CB}.Debug|Any CPU.Build.0 = Debug|Any CPU
		{FC972A14-3544-42E9-AA84-F035FDE6D5CB}.Debug|x64.ActiveCfg = Debug|Any CPU
		{FC972A14-3544-42E9-AA84-F035FDE6D5CB}.Debug|x64.Build.0 = Debug|Any CPU
		{FC972A14-3544-42E9-AA84-F035FDE6D5CB}.Debug|x86.ActiveCfg = Debug|Any CPU
		{FC972A14-3544-42E9-AA84-F035FDE6D5CB}.Debug|x86.Build.0 = Debug|Any CPU
		{FC972A14-3544-42E9-AA84-F035FDE6D5CB}.Release|Any CPU.ActiveCfg = Release|Any CPU
		{FC972A14-3544-42E9-AA84-F035FDE6D5CB}.Release|Any CPU.Build.0 = Release|Any CPU
		{FC972A14-3544-42E9-AA84-F035FDE6D5CB}.Release|x64.ActiveCfg = Release|Any CPU
		{FC972A14-3544-42E9-AA84-F035FDE6D5CB}.Release|x64.Build.0 = Release|Any CPU
		{FC972A14-3544-42E9-AA84-F035FDE6D5CB}.Release|x86.ActiveCfg = Release|Any CPU
		{FC972A14-3544-42E9-AA84-F035FDE6D5CB}.Release|x86.Build.0 = Release|Any CPU
		{B356AEC2-14BD-487B-986E-976C850A91CC}.Debug|Any CPU.ActiveCfg = Debug|Any CPU
		{B356AEC2-14BD-487B-986E-976C850A91CC}.Debug|Any CPU.Build.0 = Debug|Any CPU
		{B356AEC2-14BD-487B-986E-976C850A91CC}.Debug|x64.ActiveCfg = Debug|Any CPU
		{B356AEC2-14BD-487B-986E-976C850A91CC}.Debug|x64.Build.0 = Debug|Any CPU
		{B356AEC2-14BD-487B-986E-976C850A91CC}.Debug|x86.ActiveCfg = Debug|Any CPU
		{B356AEC2-14BD-487B-986E-976C850A91CC}.Debug|x86.Build.0 = Debug|Any CPU
		{B356AEC2-14BD-487B-986E-976C850A91CC}.Release|Any CPU.ActiveCfg = Release|Any CPU
		{B356AEC2-14BD-487B-986E-976C850A91CC}.Release|Any CPU.Build.0 = Release|Any CPU
		{B356AEC2-14BD-487B-986E-976C850A91CC}.Release|x64.ActiveCfg = Release|Any CPU
		{B356AEC2-14BD-487B-986E-976C850A91CC}.Release|x64.Build.0 = Release|Any CPU
		{B356AEC2-14BD-487B-986E-976C850A91CC}.Release|x86.ActiveCfg = Release|Any CPU
		{B356AEC2-14BD-487B-986E-976C850A91CC}.Release|x86.Build.0 = Release|Any CPU
		{B298789B-2BAA-47B8-B4E3-DCC8F251D2E3}.Debug|Any CPU.ActiveCfg = Debug|Any CPU
		{B298789B-2BAA-47B8-B4E3-DCC8F251D2E3}.Debug|Any CPU.Build.0 = Debug|Any CPU
		{B298789B-2BAA-47B8-B4E3-DCC8F251D2E3}.Debug|x64.ActiveCfg = Debug|Any CPU
		{B298789B-2BAA-47B8-B4E3-DCC8F251D2E3}.Debug|x64.Build.0 = Debug|Any CPU
		{B298789B-2BAA-47B8-B4E3-DCC8F251D2E3}.Debug|x86.ActiveCfg = Debug|Any CPU
		{B298789B-2BAA-47B8-B4E3-DCC8F251D2E3}.Debug|x86.Build.0 = Debug|Any CPU
		{B298789B-2BAA-47B8-B4E3-DCC8F251D2E3}.Release|Any CPU.ActiveCfg = Release|Any CPU
		{B298789B-2BAA-47B8-B4E3-DCC8F251D2E3}.Release|Any CPU.Build.0 = Release|Any CPU
		{B298789B-2BAA-47B8-B4E3-DCC8F251D2E3}.Release|x64.ActiveCfg = Release|Any CPU
		{B298789B-2BAA-47B8-B4E3-DCC8F251D2E3}.Release|x64.Build.0 = Release|Any CPU
		{B298789B-2BAA-47B8-B4E3-DCC8F251D2E3}.Release|x86.ActiveCfg = Release|Any CPU
		{B298789B-2BAA-47B8-B4E3-DCC8F251D2E3}.Release|x86.Build.0 = Release|Any CPU
		{75676F36-B6A0-41B2-8906-4F3E91912E2A}.Debug|Any CPU.ActiveCfg = Debug|Any CPU
		{75676F36-B6A0-41B2-8906-4F3E91912E2A}.Debug|Any CPU.Build.0 = Debug|Any CPU
		{75676F36-B6A0-41B2-8906-4F3E91912E2A}.Debug|x64.ActiveCfg = Debug|Any CPU
		{75676F36-B6A0-41B2-8906-4F3E91912E2A}.Debug|x64.Build.0 = Debug|Any CPU
		{75676F36-B6A0-41B2-8906-4F3E91912E2A}.Debug|x86.ActiveCfg = Debug|Any CPU
		{75676F36-B6A0-41B2-8906-4F3E91912E2A}.Debug|x86.Build.0 = Debug|Any CPU
		{75676F36-B6A0-41B2-8906-4F3E91912E2A}.Release|Any CPU.ActiveCfg = Release|Any CPU
		{75676F36-B6A0-41B2-8906-4F3E91912E2A}.Release|Any CPU.Build.0 = Release|Any CPU
		{75676F36-B6A0-41B2-8906-4F3E91912E2A}.Release|x64.ActiveCfg = Release|Any CPU
		{75676F36-B6A0-41B2-8906-4F3E91912E2A}.Release|x64.Build.0 = Release|Any CPU
		{75676F36-B6A0-41B2-8906-4F3E91912E2A}.Release|x86.ActiveCfg = Release|Any CPU
		{75676F36-B6A0-41B2-8906-4F3E91912E2A}.Release|x86.Build.0 = Release|Any CPU
		{6AF095CF-9954-4D4F-AA41-DA48532715F5}.Debug|Any CPU.ActiveCfg = Debug|Any CPU
		{6AF095CF-9954-4D4F-AA41-DA48532715F5}.Debug|Any CPU.Build.0 = Debug|Any CPU
		{6AF095CF-9954-4D4F-AA41-DA48532715F5}.Debug|x64.ActiveCfg = Debug|Any CPU
		{6AF095CF-9954-4D4F-AA41-DA48532715F5}.Debug|x64.Build.0 = Debug|Any CPU
		{6AF095CF-9954-4D4F-AA41-DA48532715F5}.Debug|x86.ActiveCfg = Debug|Any CPU
		{6AF095CF-9954-4D4F-AA41-DA48532715F5}.Debug|x86.Build.0 = Debug|Any CPU
		{6AF095CF-9954-4D4F-AA41-DA48532715F5}.Release|Any CPU.ActiveCfg = Release|Any CPU
		{6AF095CF-9954-4D4F-AA41-DA48532715F5}.Release|Any CPU.Build.0 = Release|Any CPU
		{6AF095CF-9954-4D4F-AA41-DA48532715F5}.Release|x64.ActiveCfg = Release|Any CPU
		{6AF095CF-9954-4D4F-AA41-DA48532715F5}.Release|x64.Build.0 = Release|Any CPU
		{6AF095CF-9954-4D4F-AA41-DA48532715F5}.Release|x86.ActiveCfg = Release|Any CPU
		{6AF095CF-9954-4D4F-AA41-DA48532715F5}.Release|x86.Build.0 = Release|Any CPU
	EndGlobalSection
	GlobalSection(SolutionProperties) = preSolution
		HideSolutionNode = FALSE
	EndGlobalSection
	GlobalSection(NestedProjects) = preSolution
		{4B4BC9BE-E61E-49B6-A04A-B6AE5791279C} = {15D21EF2-3786-458F-A90B-7DD72694929B}
		{89938C7C-0662-45EF-B821-85B3E546A372} = {15D21EF2-3786-458F-A90B-7DD72694929B}
		{3B63CA41-C646-4339-9C8D-75811099809B} = {15D21EF2-3786-458F-A90B-7DD72694929B}
		{F34DC5BC-3A2A-43C4-94F9-2C506BD60972} = {3521689D-2659-41A8-8A13-25658DFCEA48}
		{FF7227B4-9D52-4921-8CC0-90E011C657C8} = {3521689D-2659-41A8-8A13-25658DFCEA48}
		{4D919D7E-C048-40F2-AC5D-48CAED44EE11} = {15D21EF2-3786-458F-A90B-7DD72694929B}
		{20247FDA-B3C9-4BB3-B084-1A40D9C4DB59} = {15D21EF2-3786-458F-A90B-7DD72694929B}
		{FC972A14-3544-42E9-AA84-F035FDE6D5CB} = {15D21EF2-3786-458F-A90B-7DD72694929B}
		{B356AEC2-14BD-487B-986E-976C850A91CC} = {15D21EF2-3786-458F-A90B-7DD72694929B}
		{B298789B-2BAA-47B8-B4E3-DCC8F251D2E3} = {15D21EF2-3786-458F-A90B-7DD72694929B}
		{75676F36-B6A0-41B2-8906-4F3E91912E2A} = {15D21EF2-3786-458F-A90B-7DD72694929B}
		{6AF095CF-9954-4D4F-AA41-DA48532715F5} = {9B97AC00-45CA-4924-AC25-4C607190178C}
	EndGlobalSection
	GlobalSection(ExtensibilityGlobals) = postSolution
		SolutionGuid = {D5D7FAEE-9CB2-4392-BDBE-DE3C41971213}
	EndGlobalSection
EndGlobal
